{
  "name": "@momsfriendlydevco/testa",
  "version": "1.0.0",
  "lockfileVersion": 3,
  "requires": true,
  "packages": {
    "": {
      "name": "@momsfriendlydevco/testa",
      "version": "1.0.0",
      "license": "MIT",
      "dependencies": {
        "chai": "^6.2.0",
        "commander": "^14.0.1"
      },
      "bin": {
        "testa": "lib/app.js"
      },
      "engines": {
        "node": ">=20.0.0"
      }
    },
    "node_modules/chai": {
      "version": "6.2.0",
      "resolved": "https://registry.npmjs.org/chai/-/chai-6.2.0.tgz",
      "integrity": "sha512-aUTnJc/JipRzJrNADXVvpVqi6CO0dn3nx4EVPxijri+fj3LUUDyZQOgVeW54Ob3Y1Xh9Iz8f+CgaCl8v0mn9bA==",
      "license": "MIT",
      "engines": {
        "node": ">=18"
      }
    },
    "node_modules/commander": {
      "version": "14.0.1",
      "resolved": "https://registry.npmjs.org/commander/-/commander-14.0.1.tgz",
      "integrity": "sha512-2JkV3gUZUVrbNA+1sjBOYLsMZ5cEEl8GTFP2a4AVz5hvasAMCQ1D2l2le/cX+pV4N6ZU17zjUahLpIXRrnWL8A==",
      "license": "MIT",
      "engines": {
        "node": ">=20"
      }
    }
  }
}
